
Microsoft Visual Studio Solution File, Format Version 12.00
# Visual Studio Version 17
VisualStudioVersion = 17.8.34330.188
MinimumVisualStudioVersion = 10.0.40219.1
Project("{FAE04EC0-301F-11D3-BF4B-00C04F79EFBC}") = "aplicacionModal", "aplicacionModal\aplicacionModal.csproj", "{C2DF478A-2B80-4D4C-A971-8B0864E828BD}"
EndProject
Global
	GlobalSection(SolutionConfigurationPlatforms) = preSolution
		Debug|Any CPU = Debug|Any CPU
		Release|Any CPU = Release|Any CPU
	EndGlobalSection
	GlobalSection(ProjectConfigurationPlatforms) = postSolution
		{C2DF478A-2B80-4D4C-A971-8B0864E828BD}.Debug|Any CPU.ActiveCfg = Debug|Any CPU
		{C2DF478A-2B80-4D4C-A971-8B0864E828BD}.Debug|Any CPU.Build.0 = Debug|Any CPU
		{C2DF478A-2B80-4D4C-A971-8B0864E828BD}.Release|Any CPU.ActiveCfg = Release|Any CPU
		{C2DF478A-2B80-4D4C-A971-8B0864E828BD}.Release|Any CPU.Build.0 = Release|Any CPU
	EndGlobalSection
	GlobalSection(SolutionProperties) = preSolution
		HideSolutionNode = FALSE
	EndGlobalSection
	GlobalSection(ExtensibilityGlobals) = postSolution
		SolutionGuid = {9F886AB5-6B29-4570-895C-20793CF28D83}
	EndGlobalSection
EndGlobal
